DEPENDENCIES
  devenv
    path: cookbooks/devenv

GRAPH
  build-essential (2.2.3)
  chef_handler (1.1.6)
  devenv (0.1.0)
    git (>= 0.0.0)
    ssh_known_hosts (>= 0.0.0)
  dmg (2.2.2)
  git (4.2.2)
    build-essential (>= 0.0.0)
    dmg (>= 0.0.0)
    windows (>= 0.0.0)
    yum-epel (>= 0.0.0)
  partial_search (1.0.8)
  ssh_known_hosts (2.0.0)
    partial_search (>= 0.0.0)
  windows (1.36.6)
    chef_handler (>= 0.0.0)
  yum (3.6.0)
  yum-epel (0.6.0)
    yum (~> 3.0)
